
Microsoft Visual Studio Solution File, Format Version 12.00
# Visual Studio 15
VisualStudioVersion = 15.0.26430.6
MinimumVisualStudioVersion = 10.0.40219.1
Project("{FAE04EC0-301F-11D3-BF4B-00C04F79EFBC}") = "KataFizzBuzz", "KataFizzBuzz\KataFizzBuzz.csproj", "{A55F22C4-9E9B-4AF2-AD71-380F345AF322}"
EndProject
Project("{FAE04EC0-301F-11D3-BF4B-00C04F79EFBC}") = "KataFizzBuzz.Test", "KataFizzBuzz.Test\KataFizzBuzz.Test.csproj", "{A0D1FFC7-E573-4318-AB65-44984F0AFB03}"
EndProject
Global
	GlobalSection(SolutionConfigurationPlatforms) = preSolution
		Debug|Any CPU = Debug|Any CPU
		Release|Any CPU = Release|Any CPU
	EndGlobalSection
	GlobalSection(ProjectConfigurationPlatforms) = postSolution
		{A55F22C4-9E9B-4AF2-AD71-380F345AF322}.Debug|Any CPU.ActiveCfg = Debug|Any CPU
		{A55F22C4-9E9B-4AF2-AD71-380F345AF322}.Debug|Any CPU.Build.0 = Debug|Any CPU
		{A55F22C4-9E9B-4AF2-AD71-380F345AF322}.Release|Any CPU.ActiveCfg = Release|Any CPU
		{A55F22C4-9E9B-4AF2-AD71-380F345AF322}.Release|Any CPU.Build.0 = Release|Any CPU
		{A0D1FFC7-E573-4318-AB65-44984F0AFB03}.Debug|Any CPU.ActiveCfg = Debug|Any CPU
		{A0D1FFC7-E573-4318-AB65-44984F0AFB03}.Debug|Any CPU.Build.0 = Debug|Any CPU
		{A0D1FFC7-E573-4318-AB65-44984F0AFB03}.Release|Any CPU.ActiveCfg = Release|Any CPU
		{A0D1FFC7-E573-4318-AB65-44984F0AFB03}.Release|Any CPU.Build.0 = Release|Any CPU
	EndGlobalSection
	GlobalSection(SolutionProperties) = preSolution
		HideSolutionNode = FALSE
	EndGlobalSection
EndGlobal
